STORAGE: NONE
RESTRICTION: == net8.0
NUGET
  remote: https://www.nuget.org/api/v2
    coverlet.collector (6.0.4) - copy_local: true
    Microsoft.CodeCoverage (17.13)
    Microsoft.Extensions.Configuration (9.0.4)
      Microsoft.Extensions.Configuration.Abstractions (>= 9.0.4)
      Microsoft.Extensions.Primitives (>= 9.0.4)
    Microsoft.Extensions.Configuration.Abstractions (9.0.4)
      Microsoft.Extensions.Primitives (>= 9.0.4)
    Microsoft.Extensions.Configuration.Binder (9.0.4)
      Microsoft.Extensions.Configuration.Abstractions (>= 9.0.4)
    Microsoft.Extensions.Configuration.CommandLine (9.0.4)
      Microsoft.Extensions.Configuration (>= 9.0.4)
      Microsoft.Extensions.Configuration.Abstractions (>= 9.0.4)
    Microsoft.Extensions.Configuration.EnvironmentVariables (9.0.4)
      Microsoft.Extensions.Configuration (>= 9.0.4)
      Microsoft.Extensions.Configuration.Abstractions (>= 9.0.4)
    Microsoft.Extensions.Configuration.FileExtensions (9.0.4)
      Microsoft.Extensions.Configuration (>= 9.0.4)
      Microsoft.Extensions.Configuration.Abstractions (>= 9.0.4)
      Microsoft.Extensions.FileProviders.Abstractions (>= 9.0.4)
      Microsoft.Extensions.FileProviders.Physical (>= 9.0.4)
      Microsoft.Extensions.Primitives (>= 9.0.4)
    Microsoft.Extensions.Configuration.Json (9.0.4)
      Microsoft.Extensions.Configuration (>= 9.0.4)
      Microsoft.Extensions.Configuration.Abstractions (>= 9.0.4)
      Microsoft.Extensions.Configuration.FileExtensions (>= 9.0.4)
      Microsoft.Extensions.FileProviders.Abstractions (>= 9.0.4)
      System.Text.Json (>= 9.0.4)
    Microsoft.Extensions.Configuration.UserSecrets (9.0.4)
      Microsoft.Extensions.Configuration.Abstractions (>= 9.0.4)
      Microsoft.Extensions.Configuration.Json (>= 9.0.4)
      Microsoft.Extensions.FileProviders.Abstractions (>= 9.0.4)
      Microsoft.Extensions.FileProviders.Physical (>= 9.0.4)
    Microsoft.Extensions.DependencyInjection (9.0.4)
      Microsoft.Extensions.DependencyInjection.Abstractions (>= 9.0.4)
    Microsoft.Extensions.DependencyInjection.Abstractions (9.0.4)
    Microsoft.Extensions.DependencyModel (9.0.4)
      System.Text.Encodings.Web (>= 9.0.4)
      System.Text.Json (>= 9.0.4)
    Microsoft.Extensions.Diagnostics (9.0.4)
      Microsoft.Extensions.Configuration (>= 9.0.4)
      Microsoft.Extensions.Diagnostics.Abstractions (>= 9.0.4)
      Microsoft.Extensions.Options.ConfigurationExtensions (>= 9.0.4)
    Microsoft.Extensions.Diagnostics.Abstractions (9.0.4)
      Microsoft.Extensions.DependencyInjection.Abstractions (>= 9.0.4)
      Microsoft.Extensions.Options (>= 9.0.4)
      System.Diagnostics.DiagnosticSource (>= 9.0.4)
    Microsoft.Extensions.FileProviders.Abstractions (9.0.4)
      Microsoft.Extensions.Primitives (>= 9.0.4)
    Microsoft.Extensions.FileProviders.Physical (9.0.4)
      Microsoft.Extensions.FileProviders.Abstractions (>= 9.0.4)
      Microsoft.Extensions.FileSystemGlobbing (>= 9.0.4)
      Microsoft.Extensions.Primitives (>= 9.0.4)
    Microsoft.Extensions.FileSystemGlobbing (9.0.4)
    Microsoft.Extensions.Hosting (9.0.4)
      Microsoft.Extensions.Configuration (>= 9.0.4)
      Microsoft.Extensions.Configuration.Abstractions (>= 9.0.4)
      Microsoft.Extensions.Configuration.Binder (>= 9.0.4)
      Microsoft.Extensions.Configuration.CommandLine (>= 9.0.4)
      Microsoft.Extensions.Configuration.EnvironmentVariables (>= 9.0.4)
      Microsoft.Extensions.Configuration.FileExtensions (>= 9.0.4)
      Microsoft.Extensions.Configuration.Json (>= 9.0.4)
      Microsoft.Extensions.Configuration.UserSecrets (>= 9.0.4)
      Microsoft.Extensions.DependencyInjection (>= 9.0.4)
      Microsoft.Extensions.DependencyInjection.Abstractions (>= 9.0.4)
      Microsoft.Extensions.Diagnostics (>= 9.0.4)
      Microsoft.Extensions.FileProviders.Abstractions (>= 9.0.4)
      Microsoft.Extensions.FileProviders.Physical (>= 9.0.4)
      Microsoft.Extensions.Hosting.Abstractions (>= 9.0.4)
      Microsoft.Extensions.Logging (>= 9.0.4)
      Microsoft.Extensions.Logging.Abstractions (>= 9.0.4)
      Microsoft.Extensions.Logging.Configuration (>= 9.0.4)
      Microsoft.Extensions.Logging.Console (>= 9.0.4)
      Microsoft.Extensions.Logging.Debug (>= 9.0.4)
      Microsoft.Extensions.Logging.EventLog (>= 9.0.4)
      Microsoft.Extensions.Logging.EventSource (>= 9.0.4)
      Microsoft.Extensions.Options (>= 9.0.4)
    Microsoft.Extensions.Hosting.Abstractions (9.0.4)
      Microsoft.Extensions.Configuration.Abstractions (>= 9.0.4)
      Microsoft.Extensions.DependencyInjection.Abstractions (>= 9.0.4)
      Microsoft.Extensions.Diagnostics.Abstractions (>= 9.0.4)
      Microsoft.Extensions.FileProviders.Abstractions (>= 9.0.4)
      Microsoft.Extensions.Logging.Abstractions (>= 9.0.4)
    Microsoft.Extensions.Logging (9.0.4)
      Microsoft.Extensions.DependencyInjection (>= 9.0.4)
      Microsoft.Extensions.Logging.Abstractions (>= 9.0.4)
      Microsoft.Extensions.Options (>= 9.0.4)
    Microsoft.Extensions.Logging.Abstractions (9.0.4)
      Microsoft.Extensions.DependencyInjection.Abstractions (>= 9.0.4)
      System.Diagnostics.DiagnosticSource (>= 9.0.4)
    Microsoft.Extensions.Logging.Configuration (9.0.4)
      Microsoft.Extensions.Configuration (>= 9.0.4)
      Microsoft.Extensions.Configuration.Abstractions (>= 9.0.4)
      Microsoft.Extensions.Configuration.Binder (>= 9.0.4)
      Microsoft.Extensions.DependencyInjection.Abstractions (>= 9.0.4)
      Microsoft.Extensions.Logging (>= 9.0.4)
      Microsoft.Extensions.Logging.Abstractions (>= 9.0.4)
      Microsoft.Extensions.Options (>= 9.0.4)
      Microsoft.Extensions.Options.ConfigurationExtensions (>= 9.0.4)
    Microsoft.Extensions.Logging.Console (9.0.4)
      Microsoft.Extensions.DependencyInjection.Abstractions (>= 9.0.4)
      Microsoft.Extensions.Logging (>= 9.0.4)
      Microsoft.Extensions.Logging.Abstractions (>= 9.0.4)
      Microsoft.Extensions.Logging.Configuration (>= 9.0.4)
      Microsoft.Extensions.Options (>= 9.0.4)
      System.Text.Json (>= 9.0.4)
    Microsoft.Extensions.Logging.Debug (9.0.4)
      Microsoft.Extensions.DependencyInjection.Abstractions (>= 9.0.4)
      Microsoft.Extensions.Logging (>= 9.0.4)
      Microsoft.Extensions.Logging.Abstractions (>= 9.0.4)
    Microsoft.Extensions.Logging.EventLog (9.0.4)
      Microsoft.Extensions.DependencyInjection.Abstractions (>= 9.0.4)
      Microsoft.Extensions.Logging (>= 9.0.4)
      Microsoft.Extensions.Logging.Abstractions (>= 9.0.4)
      Microsoft.Extensions.Options (>= 9.0.4)
      System.Diagnostics.EventLog (>= 9.0.4)
    Microsoft.Extensions.Logging.EventSource (9.0.4)
      Microsoft.Extensions.DependencyInjection.Abstractions (>= 9.0.4)
      Microsoft.Extensions.Logging (>= 9.0.4)
      Microsoft.Extensions.Logging.Abstractions (>= 9.0.4)
      Microsoft.Extensions.Options (>= 9.0.4)
      Microsoft.Extensions.Primitives (>= 9.0.4)
      System.Text.Json (>= 9.0.4)
    Microsoft.Extensions.Options (9.0.4)
      Microsoft.Extensions.DependencyInjection.Abstractions (>= 9.0.4)
      Microsoft.Extensions.Primitives (>= 9.0.4)
    Microsoft.Extensions.Options.ConfigurationExtensions (9.0.4)
      Microsoft.Extensions.Configuration.Abstractions (>= 9.0.4)
      Microsoft.Extensions.Configuration.Binder (>= 9.0.4)
      Microsoft.Extensions.DependencyInjection.Abstractions (>= 9.0.4)
      Microsoft.Extensions.Options (>= 9.0.4)
      Microsoft.Extensions.Primitives (>= 9.0.4)
    Microsoft.Extensions.Primitives (9.0.4)
    Microsoft.NET.Test.Sdk (17.13)
      Microsoft.CodeCoverage (>= 17.13)
      Microsoft.TestPlatform.TestHost (>= 17.13)
    Microsoft.TestPlatform.ObjectModel (17.13)
      System.Reflection.Metadata (>= 1.6)
    Microsoft.TestPlatform.TestHost (17.13)
      Microsoft.TestPlatform.ObjectModel (>= 17.13)
      Newtonsoft.Json (>= 13.0.1)
    Newtonsoft.Json (13.0.3)
    Serilog (4.2)
    Serilog.Extensions.Hosting (9.0)
      Microsoft.Extensions.DependencyInjection.Abstractions (>= 9.0)
      Microsoft.Extensions.Hosting.Abstractions (>= 9.0)
      Microsoft.Extensions.Logging.Abstractions (>= 9.0)
      Serilog (>= 4.2)
      Serilog.Extensions.Logging (>= 9.0)
    Serilog.Extensions.Logging (9.0.1)
      Microsoft.Extensions.Logging (>= 9.0)
      Serilog (>= 4.2)
    Serilog.Settings.Configuration (9.0)
      Microsoft.Extensions.Configuration.Binder (>= 9.0)
      Microsoft.Extensions.DependencyModel (>= 9.0)
      Serilog (>= 4.2)
    Serilog.Sinks.Console (6.0)
      Serilog (>= 4.0)
    System.Collections.Immutable (9.0.4)
    System.Diagnostics.DiagnosticSource (9.0.4)
    System.Diagnostics.EventLog (9.0.4)
    System.Interactive (6.0.1)
    System.IO.Pipelines (9.0.4)
    System.Reactive (6.0.1)
    System.Reflection.Metadata (9.0.4)
      System.Collections.Immutable (>= 9.0.4)
    System.Text.Encodings.Web (9.0.4)
    System.Text.Json (9.0.4)
      System.IO.Pipelines (>= 9.0.4)
      System.Text.Encodings.Web (>= 9.0.4)
    xunit (2.9.3)
      xunit.analyzers (>= 1.18)
      xunit.assert (>= 2.9.3)
      xunit.core (2.9.3)
    xunit.abstractions (2.0.3)
    xunit.analyzers (1.21)
    xunit.assert (2.9.3)
    xunit.core (2.9.3)
      xunit.extensibility.core (2.9.3)
      xunit.extensibility.execution (2.9.3)
    xunit.extensibility.core (2.9.3)
      xunit.abstractions (>= 2.0.3)
    xunit.extensibility.execution (2.9.3)
      xunit.extensibility.core (2.9.3)
    xunit.runner.visualstudio (3.0.2) - copy_local: true
